
Microsoft Visual Studio Solution File, Format Version 12.00
# Visual Studio Version 17
VisualStudioVersion = 17.4.33110.190
MinimumVisualStudioVersion = 10.0.40219.1
Project("{FAE04EC0-301F-11D3-BF4B-00C04F79EFBC}") = "Jv", "Jv\Jv.csproj", "{DD0C2F9F-18C0-456A-AA3B-936A52C4DD2B}"
EndProject
Global
	GlobalSection(SolutionConfigurationPlatforms) = preSolution
		Debug|Any CPU = Debug|Any CPU
		Release|Any CPU = Release|Any CPU
	EndGlobalSection
	GlobalSection(ProjectConfigurationPlatforms) = postSolution
		{DD0C2F9F-18C0-456A-AA3B-936A52C4DD2B}.Debug|Any CPU.ActiveCfg = Debug|Any CPU
		{DD0C2F9F-18C0-456A-AA3B-936A52C4DD2B}.Debug|Any CPU.Build.0 = Debug|Any CPU
		{DD0C2F9F-18C0-456A-AA3B-936A52C4DD2B}.Release|Any CPU.ActiveCfg = Release|Any CPU
		{DD0C2F9F-18C0-456A-AA3B-936A52C4DD2B}.Release|Any CPU.Build.0 = Release|Any CPU
	EndGlobalSection
	GlobalSection(SolutionProperties) = preSolution
		HideSolutionNode = FALSE
	EndGlobalSection
	GlobalSection(ExtensibilityGlobals) = postSolution
		SolutionGuid = {304E0D00-3032-4AF8-A6D8-01F2717D3754}
	EndGlobalSection
EndGlobal
